
Microsoft Visual Studio Solution File, Format Version 12.00
# Visual Studio Version 16
VisualStudioVersion = 16.0.30413.136
MinimumVisualStudioVersion = 10.0.40219.1
Project("{FAE04EC0-301F-11D3-BF4B-00C04F79EFBC}") = "Simple Shop", "Simple Shop\Simple Shop.csproj", "{856C1BB9-67E9-4D5D-AC54-5D11DFFF0076}"
EndProject
Global
	GlobalSection(SolutionConfigurationPlatforms) = preSolution
		Debug|Any CPU = Debug|Any CPU
		Release|Any CPU = Release|Any CPU
	EndGlobalSection
	GlobalSection(ProjectConfigurationPlatforms) = postSolution
		{856C1BB9-67E9-4D5D-AC54-5D11DFFF0076}.Debug|Any CPU.ActiveCfg = Debug|Any CPU
		{856C1BB9-67E9-4D5D-AC54-5D11DFFF0076}.Debug|Any CPU.Build.0 = Debug|Any CPU
		{856C1BB9-67E9-4D5D-AC54-5D11DFFF0076}.Release|Any CPU.ActiveCfg = Release|Any CPU
		{856C1BB9-67E9-4D5D-AC54-5D11DFFF0076}.Release|Any CPU.Build.0 = Release|Any CPU
	EndGlobalSection
	GlobalSection(SolutionProperties) = preSolution
		HideSolutionNode = FALSE
	EndGlobalSection
	GlobalSection(ExtensibilityGlobals) = postSolution
		SolutionGuid = {E79C389C-3718-4575-9E0A-4D1F092077B8}
	EndGlobalSection
EndGlobal
